
Microsoft Visual Studio Solution File, Format Version 12.00
# Visual Studio Version 16
VisualStudioVersion = 16.0.30621.155
MinimumVisualStudioVersion = 10.0.40219.1
Project("{FAE04EC0-301F-11D3-BF4B-00C04F79EFBC}") = "Tagdíj", "Tagdíj\Tagdíj.csproj", "{6DF89016-AA91-46E7-BFE2-82E44AD8B0FD}"
EndProject
Global
	GlobalSection(SolutionConfigurationPlatforms) = preSolution
		Debug|Any CPU = Debug|Any CPU
		Release|Any CPU = Release|Any CPU
	EndGlobalSection
	GlobalSection(ProjectConfigurationPlatforms) = postSolution
		{6DF89016-AA91-46E7-BFE2-82E44AD8B0FD}.Debug|Any CPU.ActiveCfg = Debug|Any CPU
		{6DF89016-AA91-46E7-BFE2-82E44AD8B0FD}.Debug|Any CPU.Build.0 = Debug|Any CPU
		{6DF89016-AA91-46E7-BFE2-82E44AD8B0FD}.Release|Any CPU.ActiveCfg = Release|Any CPU
		{6DF89016-AA91-46E7-BFE2-82E44AD8B0FD}.Release|Any CPU.Build.0 = Release|Any CPU
	EndGlobalSection
	GlobalSection(SolutionProperties) = preSolution
		HideSolutionNode = FALSE
	EndGlobalSection
	GlobalSection(ExtensibilityGlobals) = postSolution
		SolutionGuid = {F14FADE2-96BD-42CD-88F2-65105D2EBF74}
	EndGlobalSection
EndGlobal
